
Microsoft Visual Studio Solution File, Format Version 12.00
# Visual Studio Version 17
VisualStudioVersion = 17.11.35303.130
MinimumVisualStudioVersion = 10.0.40219.1
Project("{FAE04EC0-301F-11D3-BF4B-00C04F79EFBC}") = "PracticWork_3", "PracticWork_3\PracticWork_3.csproj", "{A6F864B1-2E11-4999-8FA8-F0B11289AA5E}"
EndProject
Global
	GlobalSection(SolutionConfigurationPlatforms) = preSolution
		Debug|Any CPU = Debug|Any CPU
		Release|Any CPU = Release|Any CPU
	EndGlobalSection
	GlobalSection(ProjectConfigurationPlatforms) = postSolution
		{A6F864B1-2E11-4999-8FA8-F0B11289AA5E}.Debug|Any CPU.ActiveCfg = Debug|Any CPU
		{A6F864B1-2E11-4999-8FA8-F0B11289AA5E}.Debug|Any CPU.Build.0 = Debug|Any CPU
		{A6F864B1-2E11-4999-8FA8-F0B11289AA5E}.Release|Any CPU.ActiveCfg = Release|Any CPU
		{A6F864B1-2E11-4999-8FA8-F0B11289AA5E}.Release|Any CPU.Build.0 = Release|Any CPU
	EndGlobalSection
	GlobalSection(SolutionProperties) = preSolution
		HideSolutionNode = FALSE
	EndGlobalSection
	GlobalSection(ExtensibilityGlobals) = postSolution
		SolutionGuid = {8DB69F52-D6D7-48CC-A047-36162055D70B}
	EndGlobalSection
EndGlobal
